
Microsoft Visual Studio Solution File, Format Version 12.00
# Visual Studio Version 17
VisualStudioVersion = 17.2.32526.322
MinimumVisualStudioVersion = 10.0.40219.1
Project("{FAE04EC0-301F-11D3-BF4B-00C04F79EFBC}") = "WpfApp1", "WpfApp1\WpfApp1.csproj", "{05FE6EE1-8D1C-4F79-866F-FF4F03E0B4F3}"
EndProject
Global
	GlobalSection(SolutionConfigurationPlatforms) = preSolution
		Debug|Any CPU = Debug|Any CPU
		Release|Any CPU = Release|Any CPU
	EndGlobalSection
	GlobalSection(ProjectConfigurationPlatforms) = postSolution
		{05FE6EE1-8D1C-4F79-866F-FF4F03E0B4F3}.Debug|Any CPU.ActiveCfg = Debug|Any CPU
		{05FE6EE1-8D1C-4F79-866F-FF4F03E0B4F3}.Debug|Any CPU.Build.0 = Debug|Any CPU
		{05FE6EE1-8D1C-4F79-866F-FF4F03E0B4F3}.Release|Any CPU.ActiveCfg = Release|Any CPU
		{05FE6EE1-8D1C-4F79-866F-FF4F03E0B4F3}.Release|Any CPU.Build.0 = Release|Any CPU
	EndGlobalSection
	GlobalSection(SolutionProperties) = preSolution
		HideSolutionNode = FALSE
	EndGlobalSection
	GlobalSection(ExtensibilityGlobals) = postSolution
		SolutionGuid = {7A98B142-3282-42DF-BD58-50D24306023F}
	EndGlobalSection
EndGlobal
